
Microsoft Visual Studio Solution File, Format Version 12.00
# Visual Studio Version 17
VisualStudioVersion = 17.11.35303.130
MinimumVisualStudioVersion = 10.0.40219.1
Project("{2150E333-8FDC-42A3-9474-1A3956D46DE8}") = "Task0", "Task0", "{4A6D0BAC-C114-4CDF-848D-E43AC0019133}"
EndProject
Project("{9A19103F-16F7-4668-BE54-9A1E7A4F7556}") = "Tyuiu.BerestenDS.Sprint0.Task0.V0", "Tyuiu.BerestenDS.Sprint0.Task0.V0\Tyuiu.BerestenDS.Sprint0.Task0.V0.csproj", "{779B74D0-C313-4F48-8F5C-5B924DF62C5A}"
EndProject
Project("{2150E333-8FDC-42A3-9474-1A3956D46DE8}") = "Task1", "Task1", "{FC4C40BE-0ADF-4083-B587-E2C164AAD2C0}"
EndProject
Project("{9A19103F-16F7-4668-BE54-9A1E7A4F7556}") = "Tyuiu.BerestenDS.Sprint0.Task1.V0", "Tyuiu.BerestenDS.Sprint0.Task1.V0\Tyuiu.BerestenDS.Sprint0.Task1.V0.csproj", "{35D53BAA-8D10-4805-84E5-AF0F18186E10}"
EndProject
Project("{2150E333-8FDC-42A3-9474-1A3956D46DE8}") = "Task2", "Task2", "{76CA7397-0793-477A-8B44-F9185C601929}"
EndProject
Project("{9A19103F-16F7-4668-BE54-9A1E7A4F7556}") = "Tyuiu.BerestenDS.Sprint0.Task2.V0", "Tyuiu.BerestenDS.Sprint0.Task2.V0\Tyuiu.BerestenDS.Sprint0.Task2.V0.csproj", "{7EEBF916-3ECA-45AD-B8F6-A0D1C5B43F82}"
EndProject
Project("{FAE04EC0-301F-11D3-BF4B-00C04F79EFBC}") = "Tyuiu.BerestenDS.Sprint0.Task2.V0.Lib", "Tyuiu.BerestenDS.Task2.V0.Lib\Tyuiu.BerestenDS.Sprint0.Task2.V0.Lib.csproj", "{BE1D111B-75F8-477D-BE9D-30AFD6A33FF9}"
EndProject
Project("{9A19103F-16F7-4668-BE54-9A1E7A4F7556}") = "Tyuiu.BerestenDS.Sprint0.Task2.V0.Test", "Tyuiu.BerestenDS.Sprint0.Task2.V0.Test\Tyuiu.BerestenDS.Sprint0.Task2.V0.Test.csproj", "{A70EBF15-9333-4533-A501-BBC9BF45CB25}"
EndProject
Project("{2150E333-8FDC-42A3-9474-1A3956D46DE8}") = "Task3", "Task3", "{F8171416-DD16-4B76-9E39-FC39AF208D27}"
EndProject
Project("{9A19103F-16F7-4668-BE54-9A1E7A4F7556}") = "Tyuiu.BerestenDS.Sprint0.Task3.V0", "Tyuiu.BerestenDS.Sprint0.Task3.V0\Tyuiu.BerestenDS.Sprint0.Task3.V0.csproj", "{788EA9F8-AAC8-4AE8-956A-4D89D518AA9E}"
EndProject
Project("{9A19103F-16F7-4668-BE54-9A1E7A4F7556}") = "Tyuiu.BerestenDS.Sprint0.Task3.V0.Lib", "Tyuiu.BerestenDS.Sprint0.Task3.V0.Lib\Tyuiu.BerestenDS.Sprint0.Task3.V0.Lib.csproj", "{7FE229D3-D451-4CEC-9EE2-CD7BF14C2E18}"
EndProject
Project("{9A19103F-16F7-4668-BE54-9A1E7A4F7556}") = "Tyuiu.BerestenDS.Sprint0.Task3.V0.Test", "Tyuiu.BerestenDS.Sprint0.Task3.V0.Test\Tyuiu.BerestenDS.Sprint0.Task3.V0.Test.csproj", "{89F8BB6C-A409-4B7D-9C34-DDF642551D4A}"
EndProject
Project("{2150E333-8FDC-42A3-9474-1A3956D46DE8}") = "Task4", "Task4", "{047CE9B4-ECD4-4220-A860-6AA8B23A1790}"
EndProject
Project("{FAE04EC0-301F-11D3-BF4B-00C04F79EFBC}") = "Tyuiu.BerestenDS.Sprint0.Task4.V0", "Tyuiu.BerestenDS.Sprint0.Task4.V0\Tyuiu.BerestenDS.Sprint0.Task4.V0.csproj", "{6930125C-B19D-426A-8AB0-F81AFD6A7E00}"
EndProject
Project("{FAE04EC0-301F-11D3-BF4B-00C04F79EFBC}") = "Tyuiu.BerestenDS.Sprint0.Task4.V0.Lib", "Tyuiu.BerestenDS.Sprint0.Task4.V0.Lib\Tyuiu.BerestenDS.Sprint0.Task4.V0.Lib.csproj", "{CB64AB28-5E18-40FC-AA14-51810CCEA145}"
EndProject
Project("{FAE04EC0-301F-11D3-BF4B-00C04F79EFBC}") = "Tyuiu.BerestenDS.Sprint0.Task4.V0.Test", "Tyuiu.BerestenDS.Sprint0.Task4.V0.Test\Tyuiu.BerestenDS.Sprint0.Task4.V0.Test.csproj", "{F4BF213B-8AFD-4FB4-BD0F-16FB4046E5E4}"
EndProject
Global
	GlobalSection(SolutionConfigurationPlatforms) = preSolution
		Debug|Any CPU = Debug|Any CPU
		Release|Any CPU = Release|Any CPU
	EndGlobalSection
	GlobalSection(ProjectConfigurationPlatforms) = postSolution
		{779B74D0-C313-4F48-8F5C-5B924DF62C5A}.Debug|Any CPU.ActiveCfg = Debug|Any CPU
		{779B74D0-C313-4F48-8F5C-5B924DF62C5A}.Debug|Any CPU.Build.0 = Debug|Any CPU
		{779B74D0-C313-4F48-8F5C-5B924DF62C5A}.Release|Any CPU.ActiveCfg = Release|Any CPU
		{779B74D0-C313-4F48-8F5C-5B924DF62C5A}.Release|Any CPU.Build.0 = Release|Any CPU
		{35D53BAA-8D10-4805-84E5-AF0F18186E10}.Debug|Any CPU.ActiveCfg = Debug|Any CPU
		{35D53BAA-8D10-4805-84E5-AF0F18186E10}.Debug|Any CPU.Build.0 = Debug|Any CPU
		{35D53BAA-8D10-4805-84E5-AF0F18186E10}.Release|Any CPU.ActiveCfg = Release|Any CPU
		{35D53BAA-8D10-4805-84E5-AF0F18186E10}.Release|Any CPU.Build.0 = Release|Any CPU
		{7EEBF916-3ECA-45AD-B8F6-A0D1C5B43F82}.Debug|Any CPU.ActiveCfg = Debug|Any CPU
		{7EEBF916-3ECA-45AD-B8F6-A0D1C5B43F82}.Debug|Any CPU.Build.0 = Debug|Any CPU
		{7EEBF916-3ECA-45AD-B8F6-A0D1C5B43F82}.Release|Any CPU.ActiveCfg = Release|Any CPU
		{7EEBF916-3ECA-45AD-B8F6-A0D1C5B43F82}.Release|Any CPU.Build.0 = Release|Any CPU
		{BE1D111B-75F8-477D-BE9D-30AFD6A33FF9}.Debug|Any CPU.ActiveCfg = Debug|Any CPU
		{BE1D111B-75F8-477D-BE9D-30AFD6A33FF9}.Debug|Any CPU.Build.0 = Debug|Any CPU
		{BE1D111B-75F8-477D-BE9D-30AFD6A33FF9}.Release|Any CPU.ActiveCfg = Release|Any CPU
		{BE1D111B-75F8-477D-BE9D-30AFD6A33FF9}.Release|Any CPU.Build.0 = Release|Any CPU
		{A70EBF15-9333-4533-A501-BBC9BF45CB25}.Debug|Any CPU.ActiveCfg = Debug|Any CPU
		{A70EBF15-9333-4533-A501-BBC9BF45CB25}.Debug|Any CPU.Build.0 = Debug|Any CPU
		{A70EBF15-9333-4533-A501-BBC9BF45CB25}.Release|Any CPU.ActiveCfg = Release|Any CPU
		{A70EBF15-9333-4533-A501-BBC9BF45CB25}.Release|Any CPU.Build.0 = Release|Any CPU
		{788EA9F8-AAC8-4AE8-956A-4D89D518AA9E}.Debug|Any CPU.ActiveCfg = Debug|Any CPU
		{788EA9F8-AAC8-4AE8-956A-4D89D518AA9E}.Debug|Any CPU.Build.0 = Debug|Any CPU
		{788EA9F8-AAC8-4AE8-956A-4D89D518AA9E}.Release|Any CPU.ActiveCfg = Release|Any CPU
		{788EA9F8-AAC8-4AE8-956A-4D89D518AA9E}.Release|Any CPU.Build.0 = Release|Any CPU
		{7FE229D3-D451-4CEC-9EE2-CD7BF14C2E18}.Debug|Any CPU.ActiveCfg = Debug|Any CPU
		{7FE229D3-D451-4CEC-9EE2-CD7BF14C2E18}.Debug|Any CPU.Build.0 = Debug|Any CPU
		{7FE229D3-D451-4CEC-9EE2-CD7BF14C2E18}.Release|Any CPU.ActiveCfg = Release|Any CPU
		{7FE229D3-D451-4CEC-9EE2-CD7BF14C2E18}.Release|Any CPU.Build.0 = Release|Any CPU
		{89F8BB6C-A409-4B7D-9C34-DDF642551D4A}.Debug|Any CPU.ActiveCfg = Debug|Any CPU
		{89F8BB6C-A409-4B7D-9C34-DDF642551D4A}.Debug|Any CPU.Build.0 = Debug|Any CPU
		{89F8BB6C-A409-4B7D-9C34-DDF642551D4A}.Release|Any CPU.ActiveCfg = Release|Any CPU
		{89F8BB6C-A409-4B7D-9C34-DDF642551D4A}.Release|Any CPU.Build.0 = Release|Any CPU
		{6930125C-B19D-426A-8AB0-F81AFD6A7E00}.Debug|Any CPU.ActiveCfg = Debug|Any CPU
		{6930125C-B19D-426A-8AB0-F81AFD6A7E00}.Debug|Any CPU.Build.0 = Debug|Any CPU
		{6930125C-B19D-426A-8AB0-F81AFD6A7E00}.Release|Any CPU.ActiveCfg = Release|Any CPU
		{6930125C-B19D-426A-8AB0-F81AFD6A7E00}.Release|Any CPU.Build.0 = Release|Any CPU
		{CB64AB28-5E18-40FC-AA14-51810CCEA145}.Debug|Any CPU.ActiveCfg = Debug|Any CPU
		{CB64AB28-5E18-40FC-AA14-51810CCEA145}.Debug|Any CPU.Build.0 = Debug|Any CPU
		{CB64AB28-5E18-40FC-AA14-51810CCEA145}.Release|Any CPU.ActiveCfg = Release|Any CPU
		{CB64AB28-5E18-40FC-AA14-51810CCEA145}.Release|Any CPU.Build.0 = Release|Any CPU
		{F4BF213B-8AFD-4FB4-BD0F-16FB4046E5E4}.Debug|Any CPU.ActiveCfg = Debug|Any CPU
		{F4BF213B-8AFD-4FB4-BD0F-16FB4046E5E4}.Debug|Any CPU.Build.0 = Debug|Any CPU
		{F4BF213B-8AFD-4FB4-BD0F-16FB4046E5E4}.Release|Any CPU.ActiveCfg = Release|Any CPU
		{F4BF213B-8AFD-4FB4-BD0F-16FB4046E5E4}.Release|Any CPU.Build.0 = Release|Any CPU
	EndGlobalSection
	GlobalSection(SolutionProperties) = preSolution
		HideSolutionNode = FALSE
	EndGlobalSection
	GlobalSection(NestedProjects) = preSolution
		{779B74D0-C313-4F48-8F5C-5B924DF62C5A} = {4A6D0BAC-C114-4CDF-848D-E43AC0019133}
		{35D53BAA-8D10-4805-84E5-AF0F18186E10} = {FC4C40BE-0ADF-4083-B587-E2C164AAD2C0}
		{7EEBF916-3ECA-45AD-B8F6-A0D1C5B43F82} = {76CA7397-0793-477A-8B44-F9185C601929}
		{BE1D111B-75F8-477D-BE9D-30AFD6A33FF9} = {76CA7397-0793-477A-8B44-F9185C601929}
		{A70EBF15-9333-4533-A501-BBC9BF45CB25} = {76CA7397-0793-477A-8B44-F9185C601929}
		{788EA9F8-AAC8-4AE8-956A-4D89D518AA9E} = {F8171416-DD16-4B76-9E39-FC39AF208D27}
		{7FE229D3-D451-4CEC-9EE2-CD7BF14C2E18} = {F8171416-DD16-4B76-9E39-FC39AF208D27}
		{89F8BB6C-A409-4B7D-9C34-DDF642551D4A} = {F8171416-DD16-4B76-9E39-FC39AF208D27}
		{6930125C-B19D-426A-8AB0-F81AFD6A7E00} = {047CE9B4-ECD4-4220-A860-6AA8B23A1790}
		{CB64AB28-5E18-40FC-AA14-51810CCEA145} = {047CE9B4-ECD4-4220-A860-6AA8B23A1790}
		{F4BF213B-8AFD-4FB4-BD0F-16FB4046E5E4} = {047CE9B4-ECD4-4220-A860-6AA8B23A1790}
	EndGlobalSection
	GlobalSection(ExtensibilityGlobals) = postSolution
		SolutionGuid = {B78A5BB0-F3C9-4DF8-9DFE-C7A39BBBDF61}
	EndGlobalSection
EndGlobal
